
Microsoft Visual Studio Solution File, Format Version 12.00
# Visual Studio Version 17
VisualStudioVersion = 17.8.34511.84
MinimumVisualStudioVersion = 10.0.40219.1
Project("{9A19103F-16F7-4668-BE54-9A1E7A4F7556}") = "BlazorBook", "BlazorBook\BlazorBook\BlazorBook.csproj", "{5351856C-354E-4274-8522-70901DC295FC}"
EndProject
Project("{9A19103F-16F7-4668-BE54-9A1E7A4F7556}") = "BlazorBook.Client", "BlazorBook\BlazorBook.Client\BlazorBook.Client.csproj", "{9E42D19C-56AC-4327-B9F1-9EC8613CFFAF}"
EndProject
Global
	GlobalSection(SolutionConfigurationPlatforms) = preSolution
		Debug|Any CPU = Debug|Any CPU
		Release|Any CPU = Release|Any CPU
	EndGlobalSection
	GlobalSection(ProjectConfigurationPlatforms) = postSolution
		{5351856C-354E-4274-8522-70901DC295FC}.Debug|Any CPU.ActiveCfg = Debug|Any CPU
		{5351856C-354E-4274-8522-70901DC295FC}.Debug|Any CPU.Build.0 = Debug|Any CPU
		{5351856C-354E-4274-8522-70901DC295FC}.Release|Any CPU.ActiveCfg = Release|Any CPU
		{5351856C-354E-4274-8522-70901DC295FC}.Release|Any CPU.Build.0 = Release|Any CPU
		{9E42D19C-56AC-4327-B9F1-9EC8613CFFAF}.Debug|Any CPU.ActiveCfg = Debug|Any CPU
		{9E42D19C-56AC-4327-B9F1-9EC8613CFFAF}.Debug|Any CPU.Build.0 = Debug|Any CPU
		{9E42D19C-56AC-4327-B9F1-9EC8613CFFAF}.Release|Any CPU.ActiveCfg = Release|Any CPU
		{9E42D19C-56AC-4327-B9F1-9EC8613CFFAF}.Release|Any CPU.Build.0 = Release|Any CPU
	EndGlobalSection
	GlobalSection(SolutionProperties) = preSolution
		HideSolutionNode = FALSE
	EndGlobalSection
	GlobalSection(ExtensibilityGlobals) = postSolution
		SolutionGuid = {2F19DFA3-BAED-401E-B2AE-7F06E131A718}
	EndGlobalSection
EndGlobal
